
Microsoft Visual Studio Solution File, Format Version 12.00
# Visual Studio Version 16
VisualStudioVersion = 16.0.31129.286
MinimumVisualStudioVersion = 10.0.40219.1
Project("{FAE04EC0-301F-11D3-BF4B-00C04F79EFBC}") = "Projets_BD_Meubles", "Projets_BD_Meubles\Projets_BD_Meubles.csproj", "{1F847132-F90F-40E9-AF90-69353F430871}"
EndProject
Global
	GlobalSection(SolutionConfigurationPlatforms) = preSolution
		Debug|Any CPU = Debug|Any CPU
		Release|Any CPU = Release|Any CPU
	EndGlobalSection
	GlobalSection(ProjectConfigurationPlatforms) = postSolution
		{1F847132-F90F-40E9-AF90-69353F430871}.Debug|Any CPU.ActiveCfg = Debug|Any CPU
		{1F847132-F90F-40E9-AF90-69353F430871}.Debug|Any CPU.Build.0 = Debug|Any CPU
		{1F847132-F90F-40E9-AF90-69353F430871}.Release|Any CPU.ActiveCfg = Release|Any CPU
		{1F847132-F90F-40E9-AF90-69353F430871}.Release|Any CPU.Build.0 = Release|Any CPU
	EndGlobalSection
	GlobalSection(SolutionProperties) = preSolution
		HideSolutionNode = FALSE
	EndGlobalSection
	GlobalSection(ExtensibilityGlobals) = postSolution
		SolutionGuid = {1C91ABD4-EAB4-4CA1-9B38-C41D254C19B9}
	EndGlobalSection
EndGlobal
